
Microsoft Visual Studio Solution File, Format Version 12.00
# Visual Studio 15
VisualStudioVersion = 15.0.27004.2010
MinimumVisualStudioVersion = 10.0.40219.1
Project("{FAE04EC0-301F-11D3-BF4B-00C04F79EFBC}") = "AdventOfCode2017", "AdventOfCode2017\AdventOfCode2017.csproj", "{283B7115-9672-4C3E-ACAE-D7F743F9B255}"
EndProject
Project("{FAE04EC0-301F-11D3-BF4B-00C04F79EFBC}") = "AdventOfCode2017Tests", "AdventOfCode2017Tests\AdventOfCode2017Tests.csproj", "{E93D6EB1-5B52-41B4-94FC-6C44F4F07168}"
EndProject
Global
	GlobalSection(SolutionConfigurationPlatforms) = preSolution
		Debug|Any CPU = Debug|Any CPU
		Release|Any CPU = Release|Any CPU
	EndGlobalSection
	GlobalSection(ProjectConfigurationPlatforms) = postSolution
		{283B7115-9672-4C3E-ACAE-D7F743F9B255}.Debug|Any CPU.ActiveCfg = Debug|Any CPU
		{283B7115-9672-4C3E-ACAE-D7F743F9B255}.Debug|Any CPU.Build.0 = Debug|Any CPU
		{283B7115-9672-4C3E-ACAE-D7F743F9B255}.Release|Any CPU.ActiveCfg = Release|Any CPU
		{283B7115-9672-4C3E-ACAE-D7F743F9B255}.Release|Any CPU.Build.0 = Release|Any CPU
		{E93D6EB1-5B52-41B4-94FC-6C44F4F07168}.Debug|Any CPU.ActiveCfg = Debug|Any CPU
		{E93D6EB1-5B52-41B4-94FC-6C44F4F07168}.Debug|Any CPU.Build.0 = Debug|Any CPU
		{E93D6EB1-5B52-41B4-94FC-6C44F4F07168}.Release|Any CPU.ActiveCfg = Release|Any CPU
		{E93D6EB1-5B52-41B4-94FC-6C44F4F07168}.Release|Any CPU.Build.0 = Release|Any CPU
	EndGlobalSection
	GlobalSection(SolutionProperties) = preSolution
		HideSolutionNode = FALSE
	EndGlobalSection
	GlobalSection(ExtensibilityGlobals) = postSolution
		SolutionGuid = {AADD743B-A0B8-4E29-A7FA-260573AF2DE0}
	EndGlobalSection
EndGlobal
